
Microsoft Visual Studio Solution File, Format Version 12.00
# Visual Studio 15
VisualStudioVersion = 15.0.27703.2035
MinimumVisualStudioVersion = 10.0.40219.1
Project("{FAE04EC0-301F-11D3-BF4B-00C04F79EFBC}") = "WebApplicationTestAJAX", "WebApplicationTestAJAX\WebApplicationTestAJAX.csproj", "{11E40268-628F-4D11-A585-D9AB964442B1}"
EndProject
Global
	GlobalSection(SolutionConfigurationPlatforms) = preSolution
		Debug|Any CPU = Debug|Any CPU
		Release|Any CPU = Release|Any CPU
	EndGlobalSection
	GlobalSection(ProjectConfigurationPlatforms) = postSolution
		{11E40268-628F-4D11-A585-D9AB964442B1}.Debug|Any CPU.ActiveCfg = Debug|Any CPU
		{11E40268-628F-4D11-A585-D9AB964442B1}.Debug|Any CPU.Build.0 = Debug|Any CPU
		{11E40268-628F-4D11-A585-D9AB964442B1}.Release|Any CPU.ActiveCfg = Release|Any CPU
		{11E40268-628F-4D11-A585-D9AB964442B1}.Release|Any CPU.Build.0 = Release|Any CPU
	EndGlobalSection
	GlobalSection(SolutionProperties) = preSolution
		HideSolutionNode = FALSE
	EndGlobalSection
	GlobalSection(ExtensibilityGlobals) = postSolution
		SolutionGuid = {3AB63934-9A47-41F1-BEAF-C2CA9E0B5E60}
	EndGlobalSection
EndGlobal
